# THIS IS AN AUTOGENERATED FILE. DO NOT EDIT THIS FILE DIRECTLY.
# yarn lockfile v1


"@types/node@^14.14.37":
  version "14.14.37"
  resolved "https://registry.npm.taobao.org/@types/node/download/@types/node-14.14.37.tgz?cache=0&sync_timestamp=1616803552865&other_urls=https%3A%2F%2Fregistry.npm.taobao.org%2F%40types%2Fnode%2Fdownload%2F%40types%2Fnode-14.14.37.tgz#a3dd8da4eb84a996c36e331df98d82abd76b516e"
  integrity sha1-o92NpOuEqZbDbjMd+Y2Cq9drUW4=

"@types/uuid@^8.3.0":
  version "8.3.0"
  resolved "https://registry.npm.taobao.org/@types/uuid/download/@types/uuid-8.3.0.tgz#215c231dff736d5ba92410e6d602050cce7e273f"
  integrity sha1-IVwjHf9zbVupJBDm1gIFDM5+Jz8=

abort-controller@^3.0.0:
  version "3.0.0"
  resolved "https://registry.npm.taobao.org/abort-controller/download/abort-controller-3.0.0.tgz#eaf54d53b62bae4138e809ca225c8439a6efb392"
  integrity sha1-6vVNU7YrrkE46AnKIlyEOabvs5I=
  dependencies:
    event-target-shim "^5.0.0"

agent-base@6:
  version "6.0.2"
  resolved "https://registry.npm.taobao.org/agent-base/download/agent-base-6.0.2.tgz#49fff58577cfee3f37176feab4c22e00f86d7f77"
  integrity sha1-Sf/1hXfP7j83F2/qtMIuAPhtf3c=
  dependencies:
    debug "4"

arg@^4.1.0:
  version "4.1.3"
  resolved "https://registry.npm.taobao.org/arg/download/arg-4.1.3.tgz?cache=0&sync_timestamp=1605576950209&other_urls=https%3A%2F%2Fregistry.npm.taobao.org%2Farg%2Fdownload%2Farg-4.1.3.tgz#269fc7ad5b8e42cb63c896d5666017261c144089"
  integrity sha1-Jp/HrVuOQstjyJbVZmAXJhwUQIk=

arrify@^2.0.0:
  version "2.0.1"
  resolved "https://registry.npm.taobao.org/arrify/download/arrify-2.0.1.tgz#c9655e9331e0abcd588d2a7cad7e9956f66701fa"
  integrity sha1-yWVekzHgq81YjSp8rX6ZVvZnAfo=

base64-js@^1.3.0:
  version "1.5.1"
  resolved "https://registry.npm.taobao.org/base64-js/download/base64-js-1.5.1.tgz#1b1b440160a5bf7ad40b650f095963481903930a"
  integrity sha1-GxtEAWClv3rUC2UPCVljSBkDkwo=

bignumber.js@^9.0.0:
  version "9.0.1"
  resolved "https://registry.npm.taobao.org/bignumber.js/download/bignumber.js-9.0.1.tgz#8d7ba124c882bfd8e43260c67475518d0689e4e5"
  integrity sha1-jXuhJMiCv9jkMmDGdHVRjQaJ5OU=

buffer-equal-constant-time@1.0.1:
  version "1.0.1"
  resolved "https://registry.npm.taobao.org/buffer-equal-constant-time/download/buffer-equal-constant-time-1.0.1.tgz#f8e71132f7ffe6e01a5c9697a4c6f3e48d5cc819"
  integrity sha1-+OcRMvf/5uAaXJaXpMbz5I1cyBk=

buffer-from@^1.0.0:
  version "1.1.1"
  resolved "https://registry.npm.taobao.org/buffer-from/download/buffer-from-1.1.1.tgz#32713bc028f75c02fdb710d7c7bcec1f2c6070ef"
  integrity sha1-MnE7wCj3XAL9txDXx7zsHyxgcO8=

call-bind@^1.0.0:
  version "1.0.2"
  resolved "https://registry.npm.taobao.org/call-bind/download/call-bind-1.0.2.tgz?cache=0&sync_timestamp=1610403007655&other_urls=https%3A%2F%2Fregistry.npm.taobao.org%2Fcall-bind%2Fdownload%2Fcall-bind-1.0.2.tgz#b1d4e89e688119c3c9a903ad30abb2f6a919be3c"
  integrity sha1-sdTonmiBGcPJqQOtMKuy9qkZvjw=
  dependencies:
    function-bind "^1.1.1"
    get-intrinsic "^1.0.2"

create-require@^1.1.0:
  version "1.1.1"
  resolved "https://registry.npm.taobao.org/create-require/download/create-require-1.1.1.tgz#c1d7e8f1e5f6cfc9ff65f9cd352d37348756c333"
  integrity sha1-wdfo8eX2z8n/ZfnNNS03NIdWwzM=

dayjs@^1.10.4:
  version "1.10.4"
  resolved "https://registry.npm.taobao.org/dayjs/download/dayjs-1.10.4.tgz?cache=0&sync_timestamp=1611311518578&other_urls=https%3A%2F%2Fregistry.npm.taobao.org%2Fdayjs%2Fdownload%2Fdayjs-1.10.4.tgz#8e544a9b8683f61783f570980a8a80eaf54ab1e2"
  integrity sha1-jlRKm4aD9heD9XCYCoqA6vVKseI=

debug@4:
  version "4.3.1"
  resolved "https://registry.npm.taobao.org/debug/download/debug-4.3.1.tgz?cache=0&sync_timestamp=1607566580543&other_urls=https%3A%2F%2Fregistry.npm.taobao.org%2Fdebug%2Fdownload%2Fdebug-4.3.1.tgz#f0d229c505e0c6d8c49ac553d1b13dc183f6b2ee"
  integrity sha1-8NIpxQXgxtjEmsVT0bE9wYP2su4=
  dependencies:
    ms "2.1.2"

diff@^4.0.1:
  version "4.0.2"
  resolved "https://registry.npm.taobao.org/diff/download/diff-4.0.2.tgz?cache=0&other_urls=https%3A%2F%2Fregistry.npm.taobao.org%2Fdiff%2Fdownload%2Fdiff-4.0.2.tgz#60f3aecb89d5fae520c11aa19efc2bb982aade7d"
  integrity sha1-YPOuy4nV+uUgwRqhnvwruYKq3n0=

dotenv@^8.2.0:
  version "8.2.0"
  resolved "https://registry.npm.taobao.org/dotenv/download/dotenv-8.2.0.tgz#97e619259ada750eea3e4ea3e26bceea5424b16a"
  integrity sha1-l+YZJZradQ7qPk6j4mvO6lQksWo=

ecdsa-sig-formatter@1.0.11, ecdsa-sig-formatter@^1.0.11:
  version "1.0.11"
  resolved "https://registry.npm.taobao.org/ecdsa-sig-formatter/download/ecdsa-sig-formatter-1.0.11.tgz#ae0f0fa2d85045ef14a817daa3ce9acd0489e5bf"
  integrity sha1-rg8PothQRe8UqBfao86azQSJ5b8=
  dependencies:
    safe-buffer "^5.0.1"

event-target-shim@^5.0.0:
  version "5.0.1"
  resolved "https://registry.npm.taobao.org/event-target-shim/download/event-target-shim-5.0.1.tgz#5d4d3ebdf9583d63a5333ce2deb7480ab2b05789"
  integrity sha1-XU0+vflYPWOlMzzi3rdICrKwV4k=

extend@^3.0.2:
  version "3.0.2"
  resolved "https://registry.npm.taobao.org/extend/download/extend-3.0.2.tgz#f8b1136b4071fbd8eb140aff858b1019ec2915fa"
  integrity sha1-+LETa0Bx+9jrFAr/hYsQGewpFfo=

fast-text-encoding@^1.0.0:
  version "1.0.3"
  resolved "https://registry.npm.taobao.org/fast-text-encoding/download/fast-text-encoding-1.0.3.tgz#ec02ac8e01ab8a319af182dae2681213cfe9ce53"
  integrity sha1-7AKsjgGrijGa8YLa4mgSE8/pzlM=

function-bind@^1.1.1:
  version "1.1.1"
  resolved "https://registry.npm.taobao.org/function-bind/download/function-bind-1.1.1.tgz#a56899d3ea3c9bab874bb9773b7c5ede92f4895d"
  integrity sha1-pWiZ0+o8m6uHS7l3O3xe3pL0iV0=

gaxios@^4.0.0:
  version "4.2.0"
  resolved "https://registry.npm.taobao.org/gaxios/download/gaxios-4.2.0.tgz#33bdc4fc241fc33b8915a4b8c07cfb368b932e46"
  integrity sha1-M73E/CQfwzuJFaS4wHz7NouTLkY=
  dependencies:
    abort-controller "^3.0.0"
    extend "^3.0.2"
    https-proxy-agent "^5.0.0"
    is-stream "^2.0.0"
    node-fetch "^2.3.0"

gcp-metadata@^4.2.0:
  version "4.2.1"
  resolved "https://registry.npm.taobao.org/gcp-metadata/download/gcp-metadata-4.2.1.tgz#31849fbcf9025ef34c2297c32a89a1e7e9f2cd62"
  integrity sha1-MYSfvPkCXvNMIpfDKomh5+nyzWI=
  dependencies:
    gaxios "^4.0.0"
    json-bigint "^1.0.0"

get-intrinsic@^1.0.2:
  version "1.1.1"
  resolved "https://registry.npm.taobao.org/get-intrinsic/download/get-intrinsic-1.1.1.tgz?cache=0&sync_timestamp=1612364352840&other_urls=https%3A%2F%2Fregistry.npm.taobao.org%2Fget-intrinsic%2Fdownload%2Fget-intrinsic-1.1.1.tgz#15f59f376f855c446963948f0d24cd3637b4abc6"
  integrity sha1-FfWfN2+FXERpY5SPDSTNNje0q8Y=
  dependencies:
    function-bind "^1.1.1"
    has "^1.0.3"
    has-symbols "^1.0.1"

google-auth-library@^7.0.2:
  version "7.0.3"
  resolved "https://registry.npm.taobao.org/google-auth-library/download/google-auth-library-7.0.3.tgz#a38e853722ac1a4f14a7ff4d170fd0b0bf37766b"
  integrity sha1-o46FNyKsGk8Up/9NFw/QsL83dms=
  dependencies:
    arrify "^2.0.0"
    base64-js "^1.3.0"
    ecdsa-sig-formatter "^1.0.11"
    fast-text-encoding "^1.0.0"
    gaxios "^4.0.0"
    gcp-metadata "^4.2.0"
    gtoken "^5.0.4"
    jws "^4.0.0"
    lru-cache "^6.0.0"

google-p12-pem@^3.0.3:
  version "3.0.3"
  resolved "https://registry.npm.taobao.org/google-p12-pem/download/google-p12-pem-3.0.3.tgz#673ac3a75d3903a87f05878f3c75e06fc151669e"
  integrity sha1-ZzrDp105A6h/BYePPHXgb8FRZp4=
  dependencies:
    node-forge "^0.10.0"

googleapis-common@^5.0.1:
  version "5.0.2"
  resolved "https://registry.npm.taobao.org/googleapis-common/download/googleapis-common-5.0.2.tgz#e2c4e777050b921e90657de1f2edec4e7c64a3e0"
  integrity sha1-4sTndwULkh6QZX3h8u3sTnxko+A=
  dependencies:
    extend "^3.0.2"
    gaxios "^4.0.0"
    google-auth-library "^7.0.2"
    qs "^6.7.0"
    url-template "^2.0.8"
    uuid "^8.0.0"

googleapis@^68.0.0:
  version "68.0.0"
  resolved "https://registry.npm.taobao.org/googleapis/download/googleapis-68.0.0.tgz#39ed4f189307863ba3f58f31760f4a384a72cc08"
  integrity sha1-Oe1PGJMHhjuj9Y8xdg9KOEpyzAg=
  dependencies:
    google-auth-library "^7.0.2"
    googleapis-common "^5.0.1"

gtoken@^5.0.4:
  version "5.2.1"
  resolved "https://registry.npm.taobao.org/gtoken/download/gtoken-5.2.1.tgz#4dae1fea17270f457954b4a45234bba5fc796d16"
  integrity sha1-Ta4f6hcnD0V5VLSkUjS7pfx5bRY=
  dependencies:
    gaxios "^4.0.0"
    google-p12-pem "^3.0.3"
    jws "^4.0.0"

has-symbols@^1.0.1:
  version "1.0.2"
  resolved "https://registry.npm.taobao.org/has-symbols/download/has-symbols-1.0.2.tgz?cache=0&sync_timestamp=1614443577352&other_urls=https%3A%2F%2Fregistry.npm.taobao.org%2Fhas-symbols%2Fdownload%2Fhas-symbols-1.0.2.tgz#165d3070c00309752a1236a479331e3ac56f1423"
  integrity sha1-Fl0wcMADCXUqEjakeTMeOsVvFCM=

has@^1.0.3:
  version "1.0.3"
  resolved "https://registry.npm.taobao.org/has/download/has-1.0.3.tgz#722d7cbfc1f6aa8241f16dd814e011e1f41e8796"
  integrity sha1-ci18v8H2qoJB8W3YFOAR4fQeh5Y=
  dependencies:
    function-bind "^1.1.1"

https-proxy-agent@^5.0.0:
  version "5.0.0"
  resolved "https://registry.npm.taobao.org/https-proxy-agent/download/https-proxy-agent-5.0.0.tgz#e2a90542abb68a762e0a0850f6c9edadfd8506b2"
  integrity sha1-4qkFQqu2inYuCghQ9sntrf2FBrI=
  dependencies:
    agent-base "6"
    debug "4"

is-buffer@^2.0.4:
  version "2.0.5"
  resolved "https://registry.npm.taobao.org/is-buffer/download/is-buffer-2.0.5.tgz?cache=0&sync_timestamp=1604429876103&other_urls=https%3A%2F%2Fregistry.npm.taobao.org%2Fis-buffer%2Fdownload%2Fis-buffer-2.0.5.tgz#ebc252e400d22ff8d77fa09888821a24a658c191"
  integrity sha1-68JS5ADSL/jXf6CYiIIaJKZYwZE=

is-stream@^2.0.0:
  version "2.0.0"
  resolved "https://registry.npm.taobao.org/is-stream/download/is-stream-2.0.0.tgz#bde9c32680d6fae04129d6ac9d921ce7815f78e3"
  integrity sha1-venDJoDW+uBBKdasnZIc54FfeOM=

json-bigint@^1.0.0:
  version "1.0.0"
  resolved "https://registry.npm.taobao.org/json-bigint/download/json-bigint-1.0.0.tgz#ae547823ac0cad8398667f8cd9ef4730f5b01ff1"
  integrity sha1-rlR4I6wMrYOYZn+M2e9HMPWwH/E=
  dependencies:
    bignumber.js "^9.0.0"

jwa@^2.0.0:
  version "2.0.0"
  resolved "https://registry.npm.taobao.org/jwa/download/jwa-2.0.0.tgz#a7e9c3f29dae94027ebcaf49975c9345593410fc"
  integrity sha1-p+nD8p2ulAJ+vK9Jl1yTRVk0EPw=
  dependencies:
    buffer-equal-constant-time "1.0.1"
    ecdsa-sig-formatter "1.0.11"
    safe-buffer "^5.0.1"

jws@^4.0.0:
  version "4.0.0"
  resolved "https://registry.npm.taobao.org/jws/download/jws-4.0.0.tgz#2d4e8cf6a318ffaa12615e9dec7e86e6c97310f4"
  integrity sha1-LU6M9qMY/6oSYV6d7H6G5slzEPQ=
  dependencies:
    jwa "^2.0.0"
    safe-buffer "^5.0.1"

lru-cache@^6.0.0:
  version "6.0.0"
  resolved "https://registry.npm.taobao.org/lru-cache/download/lru-cache-6.0.0.tgz#6d6fe6570ebd96aaf90fcad1dafa3b2566db3a94"
  integrity sha1-bW/mVw69lqr5D8rR2vo7JWbbOpQ=
  dependencies:
    yallist "^4.0.0"

make-error@^1.1.1:
  version "1.3.6"
  resolved "https://registry.npm.taobao.org/make-error/download/make-error-1.3.6.tgz#2eb2e37ea9b67c4891f684a1394799af484cf7a2"
  integrity sha1-LrLjfqm2fEiR9oShOUeZr0hM96I=

ms@2.1.2:
  version "2.1.2"
  resolved "https://registry.npm.taobao.org/ms/download/ms-2.1.2.tgz?cache=0&sync_timestamp=1607433905701&other_urls=https%3A%2F%2Fregistry.npm.taobao.org%2Fms%2Fdownload%2Fms-2.1.2.tgz#d09d1f357b443f493382a8eb3ccd183872ae6009"
  integrity sha1-0J0fNXtEP0kzgqjrPM0YOHKuYAk=

node-fetch@^2.3.0:
  version "2.6.1"
  resolved "https://registry.npm.taobao.org/node-fetch/download/node-fetch-2.6.1.tgz#045bd323631f76ed2e2b55573394416b639a0052"
  integrity sha1-BFvTI2Mfdu0uK1VXM5RBa2OaAFI=

node-forge@^0.10.0:
  version "0.10.0"
  resolved "https://registry.npm.taobao.org/node-forge/download/node-forge-0.10.0.tgz#32dea2afb3e9926f02ee5ce8794902691a676bf3"
  integrity sha1-Mt6ir7Ppkm8C7lzoeUkCaRpna/M=

object-inspect@^1.9.0:
  version "1.9.0"
  resolved "https://registry.npm.taobao.org/object-inspect/download/object-inspect-1.9.0.tgz?cache=0&sync_timestamp=1606804280990&other_urls=https%3A%2F%2Fregistry.npm.taobao.org%2Fobject-inspect%2Fdownload%2Fobject-inspect-1.9.0.tgz#c90521d74e1127b67266ded3394ad6116986533a"
  integrity sha1-yQUh104RJ7ZyZt7TOUrWEWmGUzo=

ohm-js@^15.4.1:
  version "15.4.1"
  resolved "https://registry.npm.taobao.org/ohm-js/download/ohm-js-15.4.1.tgz#dc1b0a86c21c47d10f78eaeb05a44599fcfa829e"
  integrity sha1-3BsKhsIcR9EPeOrrBaRFmfz6gp4=
  dependencies:
    is-buffer "^2.0.4"
    util-extend "^1.0.3"

qs@^6.7.0:
  version "6.10.1"
  resolved "https://registry.npm.taobao.org/qs/download/qs-6.10.1.tgz?cache=0&sync_timestamp=1616385328325&other_urls=https%3A%2F%2Fregistry.npm.taobao.org%2Fqs%2Fdownload%2Fqs-6.10.1.tgz#4931482fa8d647a5aab799c5271d2133b981fb6a"
  integrity sha1-STFIL6jWR6Wqt5nFJx0hM7mB+2o=
  dependencies:
    side-channel "^1.0.4"

safe-buffer@^5.0.1:
  version "5.2.1"
  resolved "https://registry.npm.taobao.org/safe-buffer/download/safe-buffer-5.2.1.tgz#1eaf9fa9bdb1fdd4ec75f58f9cdb4e6b7827eec6"
  integrity sha1-Hq+fqb2x/dTsdfWPnNtOa3gn7sY=

side-channel@^1.0.4:
  version "1.0.4"
  resolved "https://registry.npm.taobao.org/side-channel/download/side-channel-1.0.4.tgz#efce5c8fdc104ee751b25c58d4290011fa5ea2cf"
  integrity sha1-785cj9wQTudRslxY1CkAEfpeos8=
  dependencies:
    call-bind "^1.0.0"
    get-intrinsic "^1.0.2"
    object-inspect "^1.9.0"

source-map-support@^0.5.17:
  version "0.5.19"
  resolved "https://registry.npm.taobao.org/source-map-support/download/source-map-support-0.5.19.tgz#a98b62f86dcaf4f67399648c085291ab9e8fed61"
  integrity sha1-qYti+G3K9PZzmWSMCFKRq56P7WE=
  dependencies:
    buffer-from "^1.0.0"
    source-map "^0.6.0"

source-map@^0.6.0:
  version "0.6.1"
  resolved "https://registry.npm.taobao.org/source-map/download/source-map-0.6.1.tgz?cache=0&sync_timestamp=1606747929782&other_urls=https%3A%2F%2Fregistry.npm.taobao.org%2Fsource-map%2Fdownload%2Fsource-map-0.6.1.tgz#74722af32e9614e9c287a8d0bbde48b5e2f1a263"
  integrity sha1-dHIq8y6WFOnCh6jQu95IteLxomM=

ts-node@^9.1.1:
  version "9.1.1"
  resolved "https://registry.npm.taobao.org/ts-node/download/ts-node-9.1.1.tgz?cache=0&sync_timestamp=1607350703222&other_urls=https%3A%2F%2Fregistry.npm.taobao.org%2Fts-node%2Fdownload%2Fts-node-9.1.1.tgz#51a9a450a3e959401bda5f004a72d54b936d376d"
  integrity sha1-UamkUKPpWUAb2l8ASnLVS5NtN20=
  dependencies:
    arg "^4.1.0"
    create-require "^1.1.0"
    diff "^4.0.1"
    make-error "^1.1.1"
    source-map-support "^0.5.17"
    yn "3.1.1"

typescript@^4.2.3:
  version "4.2.3"
  resolved "https://registry.npm.taobao.org/typescript/download/typescript-4.2.3.tgz?cache=0&sync_timestamp=1617016195817&other_urls=https%3A%2F%2Fregistry.npm.taobao.org%2Ftypescript%2Fdownload%2Ftypescript-4.2.3.tgz#39062d8019912d43726298f09493d598048c1ce3"
  integrity sha1-OQYtgBmRLUNyYpjwlJPVmASMHOM=

url-template@^2.0.8:
  version "2.0.8"
  resolved "https://registry.npm.taobao.org/url-template/download/url-template-2.0.8.tgz#fc565a3cccbff7730c775f5641f9555791439f21"
  integrity sha1-/FZaPMy/93MMd19WQflVV5FDnyE=

util-extend@^1.0.3:
  version "1.0.3"
  resolved "https://registry.npm.taobao.org/util-extend/download/util-extend-1.0.3.tgz#a7c216d267545169637b3b6edc6ca9119e2ff93f"
  integrity sha1-p8IW0mdUUWljeztu3GypEZ4v+T8=

uuid@^8.0.0, uuid@^8.3.2:
  version "8.3.2"
  resolved "https://registry.npm.taobao.org/uuid/download/uuid-8.3.2.tgz?cache=0&sync_timestamp=1607460052228&other_urls=https%3A%2F%2Fregistry.npm.taobao.org%2Fuuid%2Fdownload%2Fuuid-8.3.2.tgz#80d5b5ced271bb9af6c445f21a1a04c606cefbe2"
  integrity sha1-gNW1ztJxu5r2xEXyGhoExgbO++I=

yallist@^4.0.0:
  version "4.0.0"
  resolved "https://registry.npm.taobao.org/yallist/download/yallist-4.0.0.tgz#9bb92790d9c0effec63be73519e11a35019a3a72"
  integrity sha1-m7knkNnA7/7GO+c1GeEaNQGaOnI=

yn@3.1.1:
  version "3.1.1"
  resolved "https://registry.npm.taobao.org/yn/download/yn-3.1.1.tgz#1e87401a09d767c1d5eab26a6e4c185182d2eb50"
  integrity sha1-HodAGgnXZ8HV6rJqbkwYUYLS61A=
